
Microsoft Visual Studio Solution File, Format Version 12.00
# Visual Studio Version 16
VisualStudioVersion = 16.0.29709.97
MinimumVisualStudioVersion = 10.0.40219.1
Project("{9A19103F-16F7-4668-BE54-9A1E7A4F7556}") = "Memento", "MementoPattern\Memento.csproj", "{B9313650-BA77-4964-9D09-71501D525DE7}"
EndProject
Project("{2150E333-8FDC-42A3-9474-1A3956D46DE8}") = "Creational", "Creational", "{FB322043-7CC9-4C80-A78A-8A3B93B003B0}"
EndProject
Project("{9A19103F-16F7-4668-BE54-9A1E7A4F7556}") = "AbstractFactory", "AbstractFactory\AbstractFactory.csproj", "{87EEB85F-8DA2-4E62-8FFF-5BB6CE676E23}"
EndProject
Project("{FAE04EC0-301F-11D3-BF4B-00C04F79EFBC}") = "Builder", "Builder\Builder.csproj", "{1C88F1AA-AFA9-47C0-8F68-D3C4B179A796}"
EndProject
Project("{2150E333-8FDC-42A3-9474-1A3956D46DE8}") = "Behavioral", "Behavioral", "{04B43788-21DC-48D1-AEE0-9329BE20907E}"
EndProject
Project("{FAE04EC0-301F-11D3-BF4B-00C04F79EFBC}") = "RulesEngine", "RulesEngine\RulesEngine.csproj", "{EB6CE7FE-3E05-4F87-8DC3-6B0BEBBAB0A7}"
EndProject
Project("{FAE04EC0-301F-11D3-BF4B-00C04F79EFBC}") = "Specification", "Specification\Specification.csproj", "{EB0A75DA-728D-4F12-865D-D285B240F5DC}"
EndProject
Project("{2150E333-8FDC-42A3-9474-1A3956D46DE8}") = "Memento", "Memento", "{89A696E2-E9E1-40C4-B805-69C40A872F1F}"
EndProject
Project("{FAE04EC0-301F-11D3-BF4B-00C04F79EFBC}") = "MementoClient", "MementoClient\MementoClient.csproj", "{A93F5003-7FEC-4BB2-983D-696446347F48}"
EndProject
Project("{FAE04EC0-301F-11D3-BF4B-00C04F79EFBC}") = "Bridge", "Bridge\Bridge.csproj", "{3F995EF1-ACDF-4B4D-95AB-66913EA3B37B}"
EndProject
Project("{FAE04EC0-301F-11D3-BF4B-00C04F79EFBC}") = "Mediator", "Mediator\Mediator.csproj", "{2E2E2ACE-D4D2-4AB3-B359-5BDD7F640A8C}"
EndProject
Project("{FAE04EC0-301F-11D3-BF4B-00C04F79EFBC}") = "Monostate", "Monostate\Monostate.csproj", "{962E9990-F4CC-472A-88CE-9BC30E0D4201}"
EndProject
Project("{FAE04EC0-301F-11D3-BF4B-00C04F79EFBC}") = "Singleton", "Singleton\Singleton.csproj", "{33CD60BD-1919-4AE0-BE81-C60990FC9786}"
EndProject
Project("{FAE04EC0-301F-11D3-BF4B-00C04F79EFBC}") = "SimpleFactory", "SimpleFactory\SimpleFactory.csproj", "{CF340475-6EB8-4FEC-BB15-2B24C48AFBB7}"
EndProject
Project("{FAE04EC0-301F-11D3-BF4B-00C04F79EFBC}") = "FactoryMethod", "FactoryMethod\FactoryMethod.csproj", "{234F6CF6-B9B1-42C3-A790-53D7C7386046}"
EndProject
Project("{FAE04EC0-301F-11D3-BF4B-00C04F79EFBC}") = "Prototype", "Prototype\Prototype.csproj", "{7BE7F29E-4D6C-44E4-84D1-62B0CB8C8748}"
EndProject
Global
	GlobalSection(SolutionConfigurationPlatforms) = preSolution
		Debug|Any CPU = Debug|Any CPU
		Release|Any CPU = Release|Any CPU
	EndGlobalSection
	GlobalSection(ProjectConfigurationPlatforms) = postSolution
		{B9313650-BA77-4964-9D09-71501D525DE7}.Debug|Any CPU.ActiveCfg = Debug|Any CPU
		{B9313650-BA77-4964-9D09-71501D525DE7}.Debug|Any CPU.Build.0 = Debug|Any CPU
		{B9313650-BA77-4964-9D09-71501D525DE7}.Release|Any CPU.ActiveCfg = Release|Any CPU
		{B9313650-BA77-4964-9D09-71501D525DE7}.Release|Any CPU.Build.0 = Release|Any CPU
		{87EEB85F-8DA2-4E62-8FFF-5BB6CE676E23}.Debug|Any CPU.ActiveCfg = Debug|Any CPU
		{87EEB85F-8DA2-4E62-8FFF-5BB6CE676E23}.Debug|Any CPU.Build.0 = Debug|Any CPU
		{87EEB85F-8DA2-4E62-8FFF-5BB6CE676E23}.Release|Any CPU.ActiveCfg = Release|Any CPU
		{87EEB85F-8DA2-4E62-8FFF-5BB6CE676E23}.Release|Any CPU.Build.0 = Release|Any CPU
		{1C88F1AA-AFA9-47C0-8F68-D3C4B179A796}.Debug|Any CPU.ActiveCfg = Debug|Any CPU
		{1C88F1AA-AFA9-47C0-8F68-D3C4B179A796}.Debug|Any CPU.Build.0 = Debug|Any CPU
		{1C88F1AA-AFA9-47C0-8F68-D3C4B179A796}.Release|Any CPU.ActiveCfg = Release|Any CPU
		{1C88F1AA-AFA9-47C0-8F68-D3C4B179A796}.Release|Any CPU.Build.0 = Release|Any CPU
		{EB6CE7FE-3E05-4F87-8DC3-6B0BEBBAB0A7}.Debug|Any CPU.ActiveCfg = Debug|Any CPU
		{EB6CE7FE-3E05-4F87-8DC3-6B0BEBBAB0A7}.Debug|Any CPU.Build.0 = Debug|Any CPU
		{EB6CE7FE-3E05-4F87-8DC3-6B0BEBBAB0A7}.Release|Any CPU.ActiveCfg = Release|Any CPU
		{EB6CE7FE-3E05-4F87-8DC3-6B0BEBBAB0A7}.Release|Any CPU.Build.0 = Release|Any CPU
		{EB0A75DA-728D-4F12-865D-D285B240F5DC}.Debug|Any CPU.ActiveCfg = Debug|Any CPU
		{EB0A75DA-728D-4F12-865D-D285B240F5DC}.Debug|Any CPU.Build.0 = Debug|Any CPU
		{EB0A75DA-728D-4F12-865D-D285B240F5DC}.Release|Any CPU.ActiveCfg = Release|Any CPU
		{EB0A75DA-728D-4F12-865D-D285B240F5DC}.Release|Any CPU.Build.0 = Release|Any CPU
		{A93F5003-7FEC-4BB2-983D-696446347F48}.Debug|Any CPU.ActiveCfg = Debug|Any CPU
		{A93F5003-7FEC-4BB2-983D-696446347F48}.Debug|Any CPU.Build.0 = Debug|Any CPU
		{A93F5003-7FEC-4BB2-983D-696446347F48}.Release|Any CPU.ActiveCfg = Release|Any CPU
		{A93F5003-7FEC-4BB2-983D-696446347F48}.Release|Any CPU.Build.0 = Release|Any CPU
		{3F995EF1-ACDF-4B4D-95AB-66913EA3B37B}.Debug|Any CPU.ActiveCfg = Debug|Any CPU
		{3F995EF1-ACDF-4B4D-95AB-66913EA3B37B}.Debug|Any CPU.Build.0 = Debug|Any CPU
		{3F995EF1-ACDF-4B4D-95AB-66913EA3B37B}.Release|Any CPU.ActiveCfg = Release|Any CPU
		{3F995EF1-ACDF-4B4D-95AB-66913EA3B37B}.Release|Any CPU.Build.0 = Release|Any CPU
		{2E2E2ACE-D4D2-4AB3-B359-5BDD7F640A8C}.Debug|Any CPU.ActiveCfg = Debug|Any CPU
		{2E2E2ACE-D4D2-4AB3-B359-5BDD7F640A8C}.Debug|Any CPU.Build.0 = Debug|Any CPU
		{2E2E2ACE-D4D2-4AB3-B359-5BDD7F640A8C}.Release|Any CPU.ActiveCfg = Release|Any CPU
		{2E2E2ACE-D4D2-4AB3-B359-5BDD7F640A8C}.Release|Any CPU.Build.0 = Release|Any CPU
		{962E9990-F4CC-472A-88CE-9BC30E0D4201}.Debug|Any CPU.ActiveCfg = Debug|Any CPU
		{962E9990-F4CC-472A-88CE-9BC30E0D4201}.Debug|Any CPU.Build.0 = Debug|Any CPU
		{962E9990-F4CC-472A-88CE-9BC30E0D4201}.Release|Any CPU.ActiveCfg = Release|Any CPU
		{962E9990-F4CC-472A-88CE-9BC30E0D4201}.Release|Any CPU.Build.0 = Release|Any CPU
		{33CD60BD-1919-4AE0-BE81-C60990FC9786}.Debug|Any CPU.ActiveCfg = Debug|Any CPU
		{33CD60BD-1919-4AE0-BE81-C60990FC9786}.Debug|Any CPU.Build.0 = Debug|Any CPU
		{33CD60BD-1919-4AE0-BE81-C60990FC9786}.Release|Any CPU.ActiveCfg = Release|Any CPU
		{33CD60BD-1919-4AE0-BE81-C60990FC9786}.Release|Any CPU.Build.0 = Release|Any CPU
		{CF340475-6EB8-4FEC-BB15-2B24C48AFBB7}.Debug|Any CPU.ActiveCfg = Debug|Any CPU
		{CF340475-6EB8-4FEC-BB15-2B24C48AFBB7}.Debug|Any CPU.Build.0 = Debug|Any CPU
		{CF340475-6EB8-4FEC-BB15-2B24C48AFBB7}.Release|Any CPU.ActiveCfg = Release|Any CPU
		{CF340475-6EB8-4FEC-BB15-2B24C48AFBB7}.Release|Any CPU.Build.0 = Release|Any CPU
		{234F6CF6-B9B1-42C3-A790-53D7C7386046}.Debug|Any CPU.ActiveCfg = Debug|Any CPU
		{234F6CF6-B9B1-42C3-A790-53D7C7386046}.Debug|Any CPU.Build.0 = Debug|Any CPU
		{234F6CF6-B9B1-42C3-A790-53D7C7386046}.Release|Any CPU.ActiveCfg = Release|Any CPU
		{234F6CF6-B9B1-42C3-A790-53D7C7386046}.Release|Any CPU.Build.0 = Release|Any CPU
		{7BE7F29E-4D6C-44E4-84D1-62B0CB8C8748}.Debug|Any CPU.ActiveCfg = Debug|Any CPU
		{7BE7F29E-4D6C-44E4-84D1-62B0CB8C8748}.Debug|Any CPU.Build.0 = Debug|Any CPU
		{7BE7F29E-4D6C-44E4-84D1-62B0CB8C8748}.Release|Any CPU.ActiveCfg = Release|Any CPU
		{7BE7F29E-4D6C-44E4-84D1-62B0CB8C8748}.Release|Any CPU.Build.0 = Release|Any CPU
	EndGlobalSection
	GlobalSection(SolutionProperties) = preSolution
		HideSolutionNode = FALSE
	EndGlobalSection
	GlobalSection(NestedProjects) = preSolution
		{B9313650-BA77-4964-9D09-71501D525DE7} = {89A696E2-E9E1-40C4-B805-69C40A872F1F}
		{87EEB85F-8DA2-4E62-8FFF-5BB6CE676E23} = {FB322043-7CC9-4C80-A78A-8A3B93B003B0}
		{1C88F1AA-AFA9-47C0-8F68-D3C4B179A796} = {FB322043-7CC9-4C80-A78A-8A3B93B003B0}
		{EB6CE7FE-3E05-4F87-8DC3-6B0BEBBAB0A7} = {04B43788-21DC-48D1-AEE0-9329BE20907E}
		{EB0A75DA-728D-4F12-865D-D285B240F5DC} = {04B43788-21DC-48D1-AEE0-9329BE20907E}
		{89A696E2-E9E1-40C4-B805-69C40A872F1F} = {04B43788-21DC-48D1-AEE0-9329BE20907E}
		{A93F5003-7FEC-4BB2-983D-696446347F48} = {89A696E2-E9E1-40C4-B805-69C40A872F1F}
		{3F995EF1-ACDF-4B4D-95AB-66913EA3B37B} = {04B43788-21DC-48D1-AEE0-9329BE20907E}
		{2E2E2ACE-D4D2-4AB3-B359-5BDD7F640A8C} = {04B43788-21DC-48D1-AEE0-9329BE20907E}
		{962E9990-F4CC-472A-88CE-9BC30E0D4201} = {FB322043-7CC9-4C80-A78A-8A3B93B003B0}
		{33CD60BD-1919-4AE0-BE81-C60990FC9786} = {FB322043-7CC9-4C80-A78A-8A3B93B003B0}
		{CF340475-6EB8-4FEC-BB15-2B24C48AFBB7} = {FB322043-7CC9-4C80-A78A-8A3B93B003B0}
		{234F6CF6-B9B1-42C3-A790-53D7C7386046} = {FB322043-7CC9-4C80-A78A-8A3B93B003B0}
		{7BE7F29E-4D6C-44E4-84D1-62B0CB8C8748} = {FB322043-7CC9-4C80-A78A-8A3B93B003B0}
	EndGlobalSection
	GlobalSection(ExtensibilityGlobals) = postSolution
		SolutionGuid = {E8149955-F3D8-4660-9E36-CA98B3DBE1D8}
	EndGlobalSection
EndGlobal
