
Microsoft Visual Studio Solution File, Format Version 12.00
# Visual Studio Version 16
VisualStudioVersion = 16.0.29709.97
MinimumVisualStudioVersion = 10.0.40219.1
Project("{9A19103F-16F7-4668-BE54-9A1E7A4F7556}") = "DesignPatterns", "DesignPatterns\DesignPatterns.csproj", "{B2787176-A3A3-48CD-BA09-436144F1354E}"
EndProject
Project("{FAE04EC0-301F-11D3-BF4B-00C04F79EFBC}") = "MementoPattern", "MementoPattern\MementoPattern.csproj", "{B9313650-BA77-4964-9D09-71501D525DE7}"
EndProject
Global
	GlobalSection(SolutionConfigurationPlatforms) = preSolution
		Debug|Any CPU = Debug|Any CPU
		Release|Any CPU = Release|Any CPU
	EndGlobalSection
	GlobalSection(ProjectConfigurationPlatforms) = postSolution
		{B2787176-A3A3-48CD-BA09-436144F1354E}.Debug|Any CPU.ActiveCfg = Debug|Any CPU
		{B2787176-A3A3-48CD-BA09-436144F1354E}.Debug|Any CPU.Build.0 = Debug|Any CPU
		{B2787176-A3A3-48CD-BA09-436144F1354E}.Release|Any CPU.ActiveCfg = Release|Any CPU
		{B2787176-A3A3-48CD-BA09-436144F1354E}.Release|Any CPU.Build.0 = Release|Any CPU
		{B9313650-BA77-4964-9D09-71501D525DE7}.Debug|Any CPU.ActiveCfg = Debug|Any CPU
		{B9313650-BA77-4964-9D09-71501D525DE7}.Debug|Any CPU.Build.0 = Debug|Any CPU
		{B9313650-BA77-4964-9D09-71501D525DE7}.Release|Any CPU.ActiveCfg = Release|Any CPU
		{B9313650-BA77-4964-9D09-71501D525DE7}.Release|Any CPU.Build.0 = Release|Any CPU
	EndGlobalSection
	GlobalSection(SolutionProperties) = preSolution
		HideSolutionNode = FALSE
	EndGlobalSection
	GlobalSection(ExtensibilityGlobals) = postSolution
		SolutionGuid = {E8149955-F3D8-4660-9E36-CA98B3DBE1D8}
	EndGlobalSection
EndGlobal
